{
  "name": "task",
  "version": "1.0.0",
  "lockfileVersion": 1,
  "requires": true,
  "dependencies": {
    "@types/jquery": {
      "version": "3.3.4",
      "resolved": "https://registry.npmjs.org/@types/jquery/-/jquery-3.3.4.tgz",
      "integrity": "sha512-KqgLNDh8oTl43/2B78S7tjwPnOxPtP9wQsLptbuQCmMwqH5QuPZOk36RsNgbs3mnq/3SCyG1l/GJmhKk5Dg68g=="
    },
    "@types/jqueryui": {
      "version": "1.12.2",
      "resolved": "https://registry.npmjs.org/@types/jqueryui/-/jqueryui-1.12.2.tgz",
      "integrity": "sha512-OZ3HZFxpyaoCgFO4qBliDS5QzeN+/X9Mr76VUD4L1TTOW0OYtnJl3bG4AfPI8Of7i0xgUA79Oo4KgteMnjllOQ==",
      "requires": {
        "@types/jquery": "3.3.4"
      }
    },
    "@types/knockout": {
      "version": "3.4.54",
      "resolved": "https://registry.npmjs.org/@types/knockout/-/knockout-3.4.54.tgz",
      "integrity": "sha512-X09cnOg6i0gDkaR54BZr3rbToDUousmG9Q7fpo0GKvaMkTbXACErVcc1JHWQIjdKCQGPB+E+qv1kHfD+xanWFQ=="
    },
    "@types/mousetrap": {
      "version": "1.5.34",
      "resolved": "https://registry.npmjs.org/@types/mousetrap/-/mousetrap-1.5.34.tgz",
      "integrity": "sha512-a2yhRIADupQfOFM75v7GfcQQLUxU705+i/xcZ3N/3PK3Xdo31SUfuCUByWPGOHB1e38m7MxTx/D8FPVsJXZKJw=="
    },
    "@types/node": {
      "version": "8.10.20",
      "resolved": "https://registry.npmjs.org/@types/node/-/node-8.10.20.tgz",
      "integrity": "sha512-M7x8+5D1k/CuA6jhiwuSCmE8sbUWJF0wYsjcig9WrXvwUI5ArEoUBdOXpV4JcEMrLp02/QbDjw+kI+vQeKyQgg==",
      "dev": true
    },
    "@types/q": {
      "version": "1.0.2",
      "resolved": "https://registry.npmjs.org/@types/q/-/q-1.0.2.tgz",
      "integrity": "sha512-XupAeovvjZlY23uWY2BT62DgG5BxaHH+qTz8FQQZ0v/FXHcPy3nFIZMfw3fIBMqTGn+13SblIyBNiE8eTO7Ryw==",
      "dev": true
    },
    "@types/react": {
      "version": "15.6.17",
      "resolved": "https://registry.npmjs.org/@types/react/-/react-15.6.17.tgz",
      "integrity": "sha512-8u8lf9hv2RSEkysvLu1T3opQepfy1XsxYhRIYY+/lg5xF5XZwtsE53kl0iDm9UR8nbzI7mxfqVCKSOo5bxU1fA=="
    },
    "@types/requirejs": {
      "version": "2.1.31",
      "resolved": "https://registry.npmjs.org/@types/requirejs/-/requirejs-2.1.31.tgz",
      "integrity": "sha512-b2soeyuU76rMbcRJ4e0hEl0tbMhFwZeTC0VZnfuWlfGlk6BwWNsev6kFu/twKABPX29wkX84wU2o+cEJoXsiTw=="
    },
    "balanced-match": {
      "version": "1.0.0",
      "resolved": "https://registry.npmjs.org/balanced-match/-/balanced-match-1.0.0.tgz",
      "integrity": "sha1-ibTRmasr7kneFk6gK4nORi1xt2c="
    },
    "brace-expansion": {
      "version": "1.1.11",
      "resolved": "https://registry.npmjs.org/brace-expansion/-/brace-expansion-1.1.11.tgz",
      "integrity": "sha512-iCuPHDFgrHX7H2vEI/5xpz07zSHB00TpugqhmYtVmMO6518mCuRMoOYFldEBl0g187ufozdaHgWKcYFb61qGiA==",
      "requires": {
        "balanced-match": "1.0.0",
        "concat-map": "0.0.1"
      }
    },
    "concat-map": {
      "version": "0.0.1",
      "resolved": "https://registry.npmjs.org/concat-map/-/concat-map-0.0.1.tgz",
      "integrity": "sha1-2Klr13/Wjfd5OnMDajug1UBdR3s="
    },
    "minimatch": {
      "version": "3.0.4",
      "resolved": "https://registry.npmjs.org/minimatch/-/minimatch-3.0.4.tgz",
      "integrity": "sha512-yJHVQEhyqPLUTgt9B83PXu6W3rx4MvvHvSUvToogpwoGDOUQ+yDrR0HRot+yOCdCO7u4hX3pWft6kWBBcqh0UA==",
      "requires": {
        "brace-expansion": "1.1.11"
      }
    },
    "mockery": {
      "version": "1.7.0",
      "resolved": "https://registry.npmjs.org/mockery/-/mockery-1.7.0.tgz",
      "integrity": "sha1-9O3g2HUMHJcnwnLqLGBiniyaHE8="
    },
    "q": {
      "version": "1.5.1",
      "resolved": "https://registry.npmjs.org/q/-/q-1.5.1.tgz",
      "integrity": "sha1-fjL3W0E4EpHQRhHxvxQQmsAGUdc="
    },
    "semver": {
      "version": "5.5.0",
      "resolved": "https://registry.npmjs.org/semver/-/semver-5.5.0.tgz",
      "integrity": "sha512-4SJ3dm0WAwWy/NVeioZh5AntkdJoWKxHxcmyP622fOkgHa4z3R0TdBJICINyaSDE6uNwVc8gZr+ZinwZAH4xIA=="
    },
    "shelljs": {
      "version": "0.3.0",
      "resolved": "https://registry.npmjs.org/shelljs/-/shelljs-0.3.0.tgz",
      "integrity": "sha1-NZbmMHp4FUT1kfN9phg2DzHbV7E="
    },
    "tunnel": {
      "version": "0.0.4",
      "resolved": "https://registry.npmjs.org/tunnel/-/tunnel-0.0.4.tgz",
      "integrity": "sha1-LTeFoVjBdMmhbcLARuxfxfF0IhM="
    },
    "typed-rest-client": {
      "version": "0.12.0",
      "resolved": "https://registry.npmjs.org/typed-rest-client/-/typed-rest-client-0.12.0.tgz",
      "integrity": "sha1-Y3b1Un9CfaEh3K/f1+QeEyHgcgw=",
      "requires": {
        "tunnel": "0.0.4",
        "underscore": "1.8.3"
      }
    },
    "underscore": {
      "version": "1.8.3",
      "resolved": "https://registry.npmjs.org/underscore/-/underscore-1.8.3.tgz",
      "integrity": "sha1-Tz+1OxBuYJf8+ctBCfKl6b36UCI="
    },
    "uuid": {
      "version": "3.2.1",
      "resolved": "https://registry.npmjs.org/uuid/-/uuid-3.2.1.tgz",
      "integrity": "sha512-jZnMwlb9Iku/O3smGWvZhauCf6cvvpKi4BKRiliS3cxnI+Gz9j5MEpTz2UFuXiKPJocb7gnsLHwiS05ige5BEA=="
    },
    "vso-node-api": {
      "version": "6.5.0",
      "resolved": "https://registry.npmjs.org/vso-node-api/-/vso-node-api-6.5.0.tgz",
      "integrity": "sha512-hFjPLMJkq02zF8U+LhZ4airH0ivaiKzGdlNAQlYFB3lWuGH/UANUrl63DVPUQOyGw+7ZNQ+ufM44T6mWN92xyg==",
      "requires": {
        "tunnel": "0.0.4",
        "typed-rest-client": "0.12.0",
        "underscore": "1.8.3"
      }
    },
    "vss-web-extension-sdk": {
      "version": "5.134.0",
      "resolved": "https://registry.npmjs.org/vss-web-extension-sdk/-/vss-web-extension-sdk-5.134.0.tgz",
      "integrity": "sha512-lC/lsWlv3ooYJpVz3nFupOVe7jIiGBUhIPOX7WxN3zcFC6kNB57rxTbcYISl8C39GlYs18nomJuWsoADzwFiww==",
      "requires": {
        "@types/jquery": "3.3.4",
        "@types/jqueryui": "1.12.2",
        "@types/knockout": "3.4.54",
        "@types/mousetrap": "1.5.34",
        "@types/q": "0.0.32",
        "@types/react": "15.6.17",
        "@types/requirejs": "2.1.31"
      },
      "dependencies": {
        "@types/q": {
          "version": "0.0.32",
          "resolved": "https://registry.npmjs.org/@types/q/-/q-0.0.32.tgz",
          "integrity": "sha1-vShOV8hPEyXacCur/IKlMoGQwMU="
        }
      }
    },
    "vsts-task-lib": {
      "version": "2.5.0",
      "resolved": "https://registry.npmjs.org/vsts-task-lib/-/vsts-task-lib-2.5.0.tgz",
      "integrity": "sha512-hTiUGrZ6rCM8LTANdaCw16sZPUBdr+tEILf+upb0L6fPznLzbm89A/y1lt9/Bm9Kr6t0U5ECeGPZMSjlrqrwug==",
      "requires": {
        "minimatch": "3.0.4",
        "mockery": "1.7.0",
        "q": "1.5.1",
        "semver": "5.5.0",
        "shelljs": "0.3.0",
        "uuid": "3.2.1"
      }
    }
  }
}
